// !$*UTF8*$!
{
	archiveVersion = 1;
	classes = {
	};
	objectVersion = 77;
	objects = {

/* Begin PBXBuildFile section */
		8D2039B52EAE7A3A009B8BEA /* FirebaseAnalytics in Frameworks */ = {isa = PBXBuildFile; productRef = 8D2039B42EAE7A3A009B8BEA /* FirebaseAnalytics */; };
		8D2039B72EAE7A3A009B8BEA /* FirebaseAuth in Frameworks */ = {isa = PBXBuildFile; productRef = 8D2039B62EAE7A3A009B8BEA /* FirebaseAuth */; };
		8D2039B92EAE7A3A009B8BEA /* FirebaseCore in Frameworks */ = {isa = PBXBuildFile; productRef = 8D2039B82EAE7A3A009B8BEA /* FirebaseCore */; };
		8D2039BB2EAE7A3A009B8BEA /* FirebaseDatabase in Frameworks */ = {isa = PBXBuildFile; productRef = 8D2039BA2EAE7A3A009B8BEA /* FirebaseDatabase */; };
		8D2039BD2EAE7A3A009B8BEA /* FirebaseFirestore in Frameworks */ = {isa = PBXBuildFile; productRef = 8D2039BC2EAE7A3A009B8BEA /* FirebaseFirestore */; };
		8D2039BF2EAE7A3A009B8BEA /* FirebaseStorage in Frameworks */ = {isa = PBXBuildFile; productRef = 8D2039BE2EAE7A3A009B8BEA /* FirebaseStorage */; };
/* End PBXBuildFile section */

/* Begin PBXContainerItemProxy section */
		8D3234322EB1191B0089DC28 /* PBXContainerItemProxy */ = {
			isa = PBXContainerItemProxy;
			containerPortal = 8D20399B2EAE758E009B8BEA /* Project object */;
			proxyType = 1;
			remoteGlobalIDString = 8D2039A22EAE758E009B8BEA;
			remoteInfo = FirebaseDemoProject;
		};
/* End PBXContainerItemProxy section */

/* Begin PBXFileReference section */
		8D2039A32EAE758E009B8BEA /* FirebaseDemoProject.app */ = {isa = PBXFileReference; explicitFileType = wrapper.application; includeInIndex = 0; path = FirebaseDemoProject.app; sourceTree = BUILT_PRODUCTS_DIR; };
		8D32342E2EB1191B0089DC28 /* FirebaseDemoProjectTests.xctest */ = {isa = PBXFileReference; explicitFileType = wrapper.cfbundle; includeInIndex = 0; path = FirebaseDemoProjectTests.xctest; sourceTree = BUILT_PRODUCTS_DIR; };
/* End PBXFileReference section */

/* Begin PBXFileSystemSynchronizedRootGroup section */
		8D2039A52EAE758E009B8BEA /* FirebaseDemoProject */ = {
			isa = PBXFileSystemSynchronizedRootGroup;
			path = FirebaseDemoProject;
			sourceTree = "<group>";
		};
		8D32342F2EB1191B0089DC28 /* FirebaseDemoProjectTests */ = {
			isa = PBXFileSystemSynchronizedRootGroup;
			path = FirebaseDemoProjectTests;
			sourceTree = "<group>";
		};
/* End PBXFileSystemSynchronizedRootGroup section */

/* Begin PBXFrameworksBuildPhase section */
		8D2039A02EAE758E009B8BEA /* Frameworks */ = {
			isa = PBXFrameworksBuildPhase;
			buildActionMask = 2147483647;
			files = (
				8D2039B52EAE7A3A009B8BEA /* FirebaseAnalytics in Frameworks */,
				8D2039B92EAE7A3A009B8BEA /* FirebaseCore in Frameworks */,
				8D2039BB2EAE7A3A009B8BEA /* FirebaseDatabase in Frameworks */,
				8D2039BD2EAE7A3A009B8BEA /* FirebaseFirestore in Frameworks */,
				8D2039B72EAE7A3A009B8BEA /* FirebaseAuth in Frameworks */,
				8D2039BF2EAE7A3A009B8BEA /* FirebaseStorage in Frameworks */,
			);
			runOnlyForDeploymentPostprocessing = 0;
		};
		8D32342B2EB1191B0089DC28 /* Frameworks */ = {
			isa = PBXFrameworksBuildPhase;
			buildActionMask = 2147483647;
			files = (
			);
			runOnlyForDeploymentPostprocessing = 0;
		};
/* End PBXFrameworksBuildPhase section */

/* Begin PBXGroup section */
		8D20399A2EAE758E009B8BEA = {
			isa = PBXGroup;
			children = (
				8D2039A52EAE758E009B8BEA /* FirebaseDemoProject */,
				8D32342F2EB1191B0089DC28 /* FirebaseDemoProjectTests */,
				8D2039A42EAE758E009B8BEA /* Products */,
			);
			sourceTree = "<group>";
		};
		8D2039A42EAE758E009B8BEA /* Products */ = {
			isa = PBXGroup;
			children = (
				8D2039A32EAE758E009B8BEA /* FirebaseDemoProject.app */,
				8D32342E2EB1191B0089DC28 /* FirebaseDemoProjectTests.xctest */,
			);
			name = Products;
			sourceTree = "<group>";
		};
/* End PBXGroup section */

/* Begin PBXNativeTarget section */
		8D2039A22EAE758E009B8BEA /* FirebaseDemoProject */ = {
			isa = PBXNativeTarget;
			buildConfigurationList = 8D2039AE2EAE758E009B8BEA /* Build configuration list for PBXNativeTarget "FirebaseDemoProject" */;
			buildPhases = (
				8D20399F2EAE758E009B8BEA /* Sources */,
				8D2039A02EAE758E009B8BEA /* Frameworks */,
				8D2039A12EAE758E009B8BEA /* Resources */,
			);
			buildRules = (
			);
			dependencies = (
			);
			fileSystemSynchronizedGroups = (
				8D2039A52EAE758E009B8BEA /* FirebaseDemoProject */,
			);
			name = FirebaseDemoProject;
			packageProductDependencies = (
				8D2039B42EAE7A3A009B8BEA /* FirebaseAnalytics */,
				8D2039B62EAE7A3A009B8BEA /* FirebaseAuth */,
				8D2039B82EAE7A3A009B8BEA /* FirebaseCore */,
				8D2039BA2EAE7A3A009B8BEA /* FirebaseDatabase */,
				8D2039BC2EAE7A3A009B8BEA /* FirebaseFirestore */,
				8D2039BE2EAE7A3A009B8BEA /* FirebaseStorage */,
			);
			productName = FirebaseDemoProject;
			productReference = 8D2039A32EAE758E009B8BEA /* FirebaseDemoProject.app */;
			productType = "com.apple.product-type.application";
		};
		8D32342D2EB1191B0089DC28 /* FirebaseDemoProjectTests */ = {
			isa = PBXNativeTarget;
			buildConfigurationList = 8D3234342EB1191B0089DC28 /* Build configuration list for PBXNativeTarget "FirebaseDemoProjectTests" */;
			buildPhases = (
				8D32342A2EB1191B0089DC28 /* Sources */,
				8D32342B2EB1191B0089DC28 /* Frameworks */,
				8D32342C2EB1191B0089DC28 /* Resources */,
			);
			buildRules = (
			);
			dependencies = (
				8D3234332EB1191B0089DC28 /* PBXTargetDependency */,
			);
			fileSystemSynchronizedGroups = (
				8D32342F2EB1191B0089DC28 /* FirebaseDemoProjectTests */,
			);
			name = FirebaseDemoProjectTests;
			packageProductDependencies = (
			);
			productName = FirebaseDemoProjectTests;
			productReference = 8D32342E2EB1191B0089DC28 /* FirebaseDemoProjectTests.xctest */;
			productType = "com.apple.product-type.bundle.unit-test";
		};
/* End PBXNativeTarget section */

/* Begin PBXProject section */
		8D20399B2EAE758E009B8BEA /* Project object */ = {
			isa = PBXProject;
			attributes = {
				BuildIndependentTargetsInParallel = 1;
				LastSwiftUpdateCheck = 2600;
				LastUpgradeCheck = 2600;
				TargetAttributes = {
					8D2039A22EAE758E009B8BEA = {
						CreatedOnToolsVersion = 26.0;
					};
					8D32342D2EB1191B0089DC28 = {
						CreatedOnToolsVersion = 26.0;
						TestTargetID = 8D2039A22EAE758E009B8BEA;
					};
				};
			};
			buildConfigurationList = 8D20399E2EAE758E009B8BEA /* Build configuration list for PBXProject "FirebaseDemoProject" */;
			developmentRegion = en;
			hasScannedForEncodings = 0;
			knownRegions = (
				en,
				Base,
			);
			mainGroup = 8D20399A2EAE758E009B8BEA;
			minimizedProjectReferenceProxies = 1;
			packageReferences = (
				8D2039B32EAE7A3A009B8BEA /* XCRemoteSwiftPackageReference "firebase-ios-sdk" */,
			);
			preferredProjectObjectVersion = 77;
			productRefGroup = 8D2039A42EAE758E009B8BEA /* Products */;
			projectDirPath = "";
			projectRoot = "";
			targets = (
				8D2039A22EAE758E009B8BEA /* FirebaseDemoProject */,
				8D32342D2EB1191B0089DC28 /* FirebaseDemoProjectTests */,
			);
		};
/* End PBXProject section */

/* Begin PBXResourcesBuildPhase section */
		8D2039A12EAE758E009B8BEA /* Resources */ = {
			isa = PBXResourcesBuildPhase;
			buildActionMask = 2147483647;
			files = (
			);
			runOnlyForDeploymentPostprocessing = 0;
		};
		8D32342C2EB1191B0089DC28 /* Resources */ = {
			isa = PBXResourcesBuildPhase;
			buildActionMask = 2147483647;
			files = (
			);
			runOnlyForDeploymentPostprocessing = 0;
		};
/* End PBXResourcesBuildPhase section */

/* Begin PBXSourcesBuildPhase section */
		8D20399F2EAE758E009B8BEA /* Sources */ = {
			isa = PBXSourcesBuildPhase;
			buildActionMask = 2147483647;
			files = (
			);
			runOnlyForDeploymentPostprocessing = 0;
		};
		8D32342A2EB1191B0089DC28 /* Sources */ = {
			isa = PBXSourcesBuildPhase;
			buildActionMask = 2147483647;
			files = (
			);
			runOnlyForDeploymentPostprocessing = 0;
		};
/* End PBXSourcesBuildPhase section */

/* Begin PBXTargetDependency section */
		8D3234332EB1191B0089DC28 /* PBXTargetDependency */ = {
			isa = PBXTargetDependency;
			target = 8D2039A22EAE758E009B8BEA /* FirebaseDemoProject */;
			targetProxy = 8D3234322EB1191B0089DC28 /* PBXContainerItemProxy */;
		};
/* End PBXTargetDependency section */

/* Begin XCBuildConfiguration section */
		8D2039AC2EAE758E009B8BEA /* Debug */ = {
			isa = XCBuildConfiguration;
			buildSettings = {
				ALWAYS_SEARCH_USER_PATHS = NO;
				ASSETCATALOG_COMPILER_GENERATE_SWIFT_ASSET_SYMBOL_EXTENSIONS = YES;
				CLANG_ANALYZER_NONNULL = YES;
				CLANG_ANALYZER_NUMBER_OBJECT_CONVERSION = YES_AGGRESSIVE;
				CLANG_CXX_LANGUAGE_STANDARD = "gnu++20";
				CLANG_ENABLE_MODULES = YES;
				CLANG_ENABLE_OBJC_ARC = YES;
				CLANG_ENABLE_OBJC_WEAK = YES;
				CLANG_WARN_BLOCK_CAPTURE_AUTORELEASING = YES;
				CLANG_WARN_BOOL_CONVERSION = YES;
				CLANG_WARN_COMMA = YES;
				CLANG_WARN_CONSTANT_CONVERSION = YES;
				CLANG_WARN_DEPRECATED_OBJC_IMPLEMENTATIONS = YES;
				CLANG_WARN_DIRECT_OBJC_ISA_USAGE = YES_ERROR;
				CLANG_WARN_DOCUMENTATION_COMMENTS = YES;
				CLANG_WARN_EMPTY_BODY = YES;
				CLANG_WARN_ENUM_CONVERSION = YES;
				CLANG_WARN_INFINITE_RECURSION = YES;
				CLANG_WARN_INT_CONVERSION = YES;
				CLANG_WARN_NON_LITERAL_NULL_CONVERSION = YES;
				CLANG_WARN_OBJC_IMPLICIT_RETAIN_SELF = YES;
				CLANG_WARN_OBJC_LITERAL_CONVERSION = YES;
				CLANG_WARN_OBJC_ROOT_CLASS = YES_ERROR;
				CLANG_WARN_QUOTED_INCLUDE_IN_FRAMEWORK_HEADER = YES;
				CLANG_WARN_RANGE_LOOP_ANALYSIS = YES;
				CLANG_WARN_STRICT_PROTOTYPES = YES;
				CLANG_WARN_SUSPICIOUS_MOVE = YES;
				CLANG_WARN_UNGUARDED_AVAILABILITY = YES_AGGRESSIVE;
				CLANG_WARN_UNREACHABLE_CODE = YES;
				CLANG_WARN__DUPLICATE_METHOD_MATCH = YES;
				COPY_PHASE_STRIP = NO;
				DEBUG_INFORMATION_FORMAT = dwarf;
				DEVELOPMENT_TEAM = B2Q8EGNCQA;
				ENABLE_STRICT_OBJC_MSGSEND = YES;
				ENABLE_TESTABILITY = YES;
				ENABLE_USER_SCRIPT_SANDBOXING = YES;
				GCC_C_LANGUAGE_STANDARD = gnu17;
				GCC_DYNAMIC_NO_PIC = NO;
				GCC_NO_COMMON_BLOCKS = YES;
				GCC_OPTIMIZATION_LEVEL = 0;
				GCC_PREPROCESSOR_DEFINITIONS = (
					"DEBUG=1",
					"$(inherited)",
				);
				GCC_WARN_64_TO_32_BIT_CONVERSION = YES;
				GCC_WARN_ABOUT_RETURN_TYPE = YES_ERROR;
				GCC_WARN_UNDECLARED_SELECTOR = YES;
				GCC_WARN_UNINITIALIZED_AUTOS = YES_AGGRESSIVE;
				GCC_WARN_UNUSED_FUNCTION = YES;
				GCC_WARN_UNUSED_VARIABLE = YES;
				IPHONEOS_DEPLOYMENT_TARGET = 26.0;
				LOCALIZATION_PREFERS_STRING_CATALOGS = YES;
				MTL_ENABLE_DEBUG_INFO = INCLUDE_SOURCE;
				MTL_FAST_MATH = YES;
				ONLY_ACTIVE_ARCH = YES;
				SDKROOT = iphoneos;
				SWIFT_ACTIVE_COMPILATION_CONDITIONS = "DEBUG $(inherited)";
				SWIFT_OPTIMIZATION_LEVEL = "-Onone";
			};
			name = Debug;
		};
		8D2039AD2EAE758E009B8BEA /* Release */ = {
			isa = XCBuildConfiguration;
			buildSettings = {
				ALWAYS_SEARCH_USER_PATHS = NO;
				ASSETCATALOG_COMPILER_GENERATE_SWIFT_ASSET_SYMBOL_EXTENSIONS = YES;
				CLANG_ANALYZER_NONNULL = YES;
				CLANG_ANALYZER_NUMBER_OBJECT_CONVERSION = YES_AGGRESSIVE;
				CLANG_CXX_LANGUAGE_STANDARD = "gnu++20";
				CLANG_ENABLE_MODULES = YES;
				CLANG_ENABLE_OBJC_ARC = YES;
				CLANG_ENABLE_OBJC_WEAK = YES;
				CLANG_WARN_BLOCK_CAPTURE_AUTORELEASING = YES;
				CLANG_WARN_BOOL_CONVERSION = YES;
				CLANG_WARN_COMMA = YES;
				CLANG_WARN_CONSTANT_CONVERSION = YES;
				CLANG_WARN_DEPRECATED_OBJC_IMPLEMENTATIONS = YES;
				CLANG_WARN_DIRECT_OBJC_ISA_USAGE = YES_ERROR;
				CLANG_WARN_DOCUMENTATION_COMMENTS = YES;
				CLANG_WARN_EMPTY_BODY = YES;
				CLANG_WARN_ENUM_CONVERSION = YES;
				CLANG_WARN_INFINITE_RECURSION = YES;
				CLANG_WARN_INT_CONVERSION = YES;
				CLANG_WARN_NON_LITERAL_NULL_CONVERSION = YES;
				CLANG_WARN_OBJC_IMPLICIT_RETAIN_SELF = YES;
				CLANG_WARN_OBJC_LITERAL_CONVERSION = YES;
				CLANG_WARN_OBJC_ROOT_CLASS = YES_ERROR;
				CLANG_WARN_QUOTED_INCLUDE_IN_FRAMEWORK_HEADER = YES;
				CLANG_WARN_RANGE_LOOP_ANALYSIS = YES;
				CLANG_WARN_STRICT_PROTOTYPES = YES;
				CLANG_WARN_SUSPICIOUS_MOVE = YES;
				CLANG_WARN_UNGUARDED_AVAILABILITY = YES_AGGRESSIVE;
				CLANG_WARN_UNREACHABLE_CODE = YES;
				CLANG_WARN__DUPLICATE_METHOD_MATCH = YES;
				COPY_PHASE_STRIP = NO;
				DEBUG_INFORMATION_FORMAT = "dwarf-with-dsym";
				DEVELOPMENT_TEAM = B2Q8EGNCQA;
				ENABLE_NS_ASSERTIONS = NO;
				ENABLE_STRICT_OBJC_MSGSEND = YES;
				ENABLE_USER_SCRIPT_SANDBOXING = YES;
				GCC_C_LANGUAGE_STANDARD = gnu17;
				GCC_NO_COMMON_BLOCKS = YES;
				GCC_WARN_64_TO_32_BIT_CONVERSION = YES;
				GCC_WARN_ABOUT_RETURN_TYPE = YES_ERROR;
				GCC_WARN_UNDECLARED_SELECTOR = YES;
				GCC_WARN_UNINITIALIZED_AUTOS = YES_AGGRESSIVE;
				GCC_WARN_UNUSED_FUNCTION = YES;
				GCC_WARN_UNUSED_VARIABLE = YES;
				IPHONEOS_DEPLOYMENT_TARGET = 26.0;
				LOCALIZATION_PREFERS_STRING_CATALOGS = YES;
				MTL_ENABLE_DEBUG_INFO = NO;
				MTL_FAST_MATH = YES;
				SDKROOT = iphoneos;
				SWIFT_COMPILATION_MODE = wholemodule;
				VALIDATE_PRODUCT = YES;
			};
			name = Release;
		};
		8D2039AF2EAE758E009B8BEA /* Debug */ = {
			isa = XCBuildConfiguration;
			buildSettings = {
				ASSETCATALOG_COMPILER_APPICON_NAME = AppIcon;
				ASSETCATALOG_COMPILER_GLOBAL_ACCENT_COLOR_NAME = AccentColor;
				CODE_SIGN_STYLE = Automatic;
				CURRENT_PROJECT_VERSION = 1;
				DEVELOPMENT_TEAM = B2Q8EGNCQA;
				ENABLE_PREVIEWS = YES;
				GENERATE_INFOPLIST_FILE = YES;
				INFOPLIST_KEY_UIApplicationSceneManifest_Generation = YES;
				INFOPLIST_KEY_UIApplicationSupportsIndirectInputEvents = YES;
				INFOPLIST_KEY_UILaunchScreen_Generation = YES;
				INFOPLIST_KEY_UISupportedInterfaceOrientations_iPad = "UIInterfaceOrientationPortrait UIInterfaceOrientationPortraitUpsideDown UIInterfaceOrientationLandscapeLeft UIInterfaceOrientationLandscapeRight";
				INFOPLIST_KEY_UISupportedInterfaceOrientations_iPhone = "UIInterfaceOrientationPortrait UIInterfaceOrientationLandscapeLeft UIInterfaceOrientationLandscapeRight";
				LD_RUNPATH_SEARCH_PATHS = (
					"$(inherited)",
					"@executable_path/Frameworks",
				);
				MARKETING_VERSION = 1.0;
				PRODUCT_BUNDLE_IDENTIFIER = com.azamsharp.FirebaseArchitecture;
				PRODUCT_NAME = "$(TARGET_NAME)";
				STRING_CATALOG_GENERATE_SYMBOLS = YES;
				SWIFT_APPROACHABLE_CONCURRENCY = YES;
				SWIFT_DEFAULT_ACTOR_ISOLATION = MainActor;
				SWIFT_EMIT_LOC_STRINGS = YES;
				SWIFT_UPCOMING_FEATURE_MEMBER_IMPORT_VISIBILITY = YES;
				SWIFT_VERSION = 5.0;
				TARGETED_DEVICE_FAMILY = "1,2";
			};
			name = Debug;
		};
		8D2039B02EAE758E009B8BEA /* Release */ = {
			isa = XCBuildConfiguration;
			buildSettings = {
				ASSETCATALOG_COMPILER_APPICON_NAME = AppIcon;
				ASSETCATALOG_COMPILER_GLOBAL_ACCENT_COLOR_NAME = AccentColor;
				CODE_SIGN_STYLE = Automatic;
				CURRENT_PROJECT_VERSION = 1;
				DEVELOPMENT_TEAM = B2Q8EGNCQA;
				ENABLE_PREVIEWS = YES;
				GENERATE_INFOPLIST_FILE = YES;
				INFOPLIST_KEY_UIApplicationSceneManifest_Generation = YES;
				INFOPLIST_KEY_UIApplicationSupportsIndirectInputEvents = YES;
				INFOPLIST_KEY_UILaunchScreen_Generation = YES;
				INFOPLIST_KEY_UISupportedInterfaceOrientations_iPad = "UIInterfaceOrientationPortrait UIInterfaceOrientationPortraitUpsideDown UIInterfaceOrientationLandscapeLeft UIInterfaceOrientationLandscapeRight";
				INFOPLIST_KEY_UISupportedInterfaceOrientations_iPhone = "UIInterfaceOrientationPortrait UIInterfaceOrientationLandscapeLeft UIInterfaceOrientationLandscapeRight";
				LD_RUNPATH_SEARCH_PATHS = (
					"$(inherited)",
					"@executable_path/Frameworks",
				);
				MARKETING_VERSION = 1.0;
				PRODUCT_BUNDLE_IDENTIFIER = com.azamsharp.FirebaseArchitecture;
				PRODUCT_NAME = "$(TARGET_NAME)";
				STRING_CATALOG_GENERATE_SYMBOLS = YES;
				SWIFT_APPROACHABLE_CONCURRENCY = YES;
				SWIFT_DEFAULT_ACTOR_ISOLATION = MainActor;
				SWIFT_EMIT_LOC_STRINGS = YES;
				SWIFT_UPCOMING_FEATURE_MEMBER_IMPORT_VISIBILITY = YES;
				SWIFT_VERSION = 5.0;
				TARGETED_DEVICE_FAMILY = "1,2";
			};
			name = Release;
		};
		8D3234352EB1191B0089DC28 /* Debug */ = {
			isa = XCBuildConfiguration;
			buildSettings = {
				BUNDLE_LOADER = "$(TEST_HOST)";
				CODE_SIGN_STYLE = Automatic;
				CURRENT_PROJECT_VERSION = 1;
				DEVELOPMENT_TEAM = B2Q8EGNCQA;
				GENERATE_INFOPLIST_FILE = YES;
				MARKETING_VERSION = 1.0;
				PRODUCT_BUNDLE_IDENTIFIER = com.azamsharp.FirebaseDemoProjectTests;
				PRODUCT_NAME = "$(TARGET_NAME)";
				STRING_CATALOG_GENERATE_SYMBOLS = NO;
				SWIFT_APPROACHABLE_CONCURRENCY = YES;
				SWIFT_EMIT_LOC_STRINGS = NO;
				SWIFT_UPCOMING_FEATURE_MEMBER_IMPORT_VISIBILITY = YES;
				SWIFT_VERSION = 5.0;
				TARGETED_DEVICE_FAMILY = "1,2";
				TEST_HOST = "$(BUILT_PRODUCTS_DIR)/FirebaseDemoProject.app/$(BUNDLE_EXECUTABLE_FOLDER_PATH)/FirebaseDemoProject";
			};
			name = Debug;
		};
		8D3234362EB1191B0089DC28 /* Release */ = {
			isa = XCBuildConfiguration;
			buildSettings = {
				BUNDLE_LOADER = "$(TEST_HOST)";
				CODE_SIGN_STYLE = Automatic;
				CURRENT_PROJECT_VERSION = 1;
				DEVELOPMENT_TEAM = B2Q8EGNCQA;
				GENERATE_INFOPLIST_FILE = YES;
				MARKETING_VERSION = 1.0;
				PRODUCT_BUNDLE_IDENTIFIER = com.azamsharp.FirebaseDemoProjectTests;
				PRODUCT_NAME = "$(TARGET_NAME)";
				STRING_CATALOG_GENERATE_SYMBOLS = NO;
				SWIFT_APPROACHABLE_CONCURRENCY = YES;
				SWIFT_EMIT_LOC_STRINGS = NO;
				SWIFT_UPCOMING_FEATURE_MEMBER_IMPORT_VISIBILITY = YES;
				SWIFT_VERSION = 5.0;
				TARGETED_DEVICE_FAMILY = "1,2";
				TEST_HOST = "$(BUILT_PRODUCTS_DIR)/FirebaseDemoProject.app/$(BUNDLE_EXECUTABLE_FOLDER_PATH)/FirebaseDemoProject";
			};
			name = Release;
		};
/* End XCBuildConfiguration section */

/* Begin XCConfigurationList section */
		8D20399E2EAE758E009B8BEA /* Build configuration list for PBXProject "FirebaseDemoProject" */ = {
			isa = XCConfigurationList;
			buildConfigurations = (
				8D2039AC2EAE758E009B8BEA /* Debug */,
				8D2039AD2EAE758E009B8BEA /* Release */,
			);
			defaultConfigurationIsVisible = 0;
			defaultConfigurationName = Release;
		};
		8D2039AE2EAE758E009B8BEA /* Build configuration list for PBXNativeTarget "FirebaseDemoProject" */ = {
			isa = XCConfigurationList;
			buildConfigurations = (
				8D2039AF2EAE758E009B8BEA /* Debug */,
				8D2039B02EAE758E009B8BEA /* Release */,
			);
			defaultConfigurationIsVisible = 0;
			defaultConfigurationName = Release;
		};
		8D3234342EB1191B0089DC28 /* Build configuration list for PBXNativeTarget "FirebaseDemoProjectTests" */ = {
			isa = XCConfigurationList;
			buildConfigurations = (
				8D3234352EB1191B0089DC28 /* Debug */,
				8D3234362EB1191B0089DC28 /* Release */,
			);
			defaultConfigurationIsVisible = 0;
			defaultConfigurationName = Release;
		};
/* End XCConfigurationList section */

/* Begin XCRemoteSwiftPackageReference section */
		8D2039B32EAE7A3A009B8BEA /* XCRemoteSwiftPackageReference "firebase-ios-sdk" */ = {
			isa = XCRemoteSwiftPackageReference;
			repositoryURL = "https://github.com/firebase/firebase-ios-sdk";
			requirement = {
				kind = upToNextMajorVersion;
				minimumVersion = 12.4.0;
			};
		};
/* End XCRemoteSwiftPackageReference section */

/* Begin XCSwiftPackageProductDependency section */
		8D2039B42EAE7A3A009B8BEA /* FirebaseAnalytics */ = {
			isa = XCSwiftPackageProductDependency;
			package = 8D2039B32EAE7A3A009B8BEA /* XCRemoteSwiftPackageReference "firebase-ios-sdk" */;
			productName = FirebaseAnalytics;
		};
		8D2039B62EAE7A3A009B8BEA /* FirebaseAuth */ = {
			isa = XCSwiftPackageProductDependency;
			package = 8D2039B32EAE7A3A009B8BEA /* XCRemoteSwiftPackageReference "firebase-ios-sdk" */;
			productName = FirebaseAuth;
		};
		8D2039B82EAE7A3A009B8BEA /* FirebaseCore */ = {
			isa = XCSwiftPackageProductDependency;
			package = 8D2039B32EAE7A3A009B8BEA /* XCRemoteSwiftPackageReference "firebase-ios-sdk" */;
			productName = FirebaseCore;
		};
		8D2039BA2EAE7A3A009B8BEA /* FirebaseDatabase */ = {
			isa = XCSwiftPackageProductDependency;
			package = 8D2039B32EAE7A3A009B8BEA /* XCRemoteSwiftPackageReference "firebase-ios-sdk" */;
			productName = FirebaseDatabase;
		};
		8D2039BC2EAE7A3A009B8BEA /* FirebaseFirestore */ = {
			isa = XCSwiftPackageProductDependency;
			package = 8D2039B32EAE7A3A009B8BEA /* XCRemoteSwiftPackageReference "firebase-ios-sdk" */;
			productName = FirebaseFirestore;
		};
		8D2039BE2EAE7A3A009B8BEA /* FirebaseStorage */ = {
			isa = XCSwiftPackageProductDependency;
			package = 8D2039B32EAE7A3A009B8BEA /* XCRemoteSwiftPackageReference "firebase-ios-sdk" */;
			productName = FirebaseStorage;
		};
/* End XCSwiftPackageProductDependency section */
	};
	rootObject = 8D20399B2EAE758E009B8BEA /* Project object */;
}
